# This file is automatically @generated by Cargo.
# It is not intended for manual editing.
version = 3

[[package]]
name = "aoc"
version = "0.1.0"

[[package]]
name = "day_01"
version = "0.1.0"
dependencies = [
 "aoc",
]

[[package]]
name = "day_02"
version = "0.1.0"
dependencies = [
 "aoc",
]

[[package]]
name = "day_03"
version = "0.1.0"
dependencies = [
 "aoc",
]

[[package]]
name = "day_04"
version = "0.1.0"
dependencies = [
 "aoc",
]

[[package]]
name = "day_05"
version = "0.1.0"
dependencies = [
 "aoc",
]

[[package]]
name = "day_06"
version = "0.1.0"
dependencies = [
 "aoc",
]

[[package]]
name = "day_07"
version = "0.1.0"
dependencies = [
 "aoc",
 "nom",
]

[[package]]
name = "day_08"
version = "0.1.0"
dependencies = [
 "aoc",
 "grid",
]

[[package]]
name = "grid"
version = "0.9.0"
source = "registry+https://github.com/rust-lang/crates.io-index"
checksum = "0634107a3a005070dd73e27e74ecb691a94e9e5ba7829f434db7fbf73a6b5c47"
dependencies = [
 "no-std-compat",
]

[[package]]
name = "memchr"
version = "2.5.0"
source = "registry+https://github.com/rust-lang/crates.io-index"
checksum = "2dffe52ecf27772e601905b7522cb4ef790d2cc203488bbd0e2fe85fcb74566d"

[[package]]
name = "minimal-lexical"
version = "0.2.1"
source = "registry+https://github.com/rust-lang/crates.io-index"
checksum = "68354c5c6bd36d73ff3feceb05efa59b6acb7626617f4962be322a825e61f79a"

[[package]]
name = "no-std-compat"
version = "0.4.1"
source = "registry+https://github.com/rust-lang/crates.io-index"
checksum = "b93853da6d84c2e3c7d730d6473e8817692dd89be387eb01b94d7f108ecb5b8c"

[[package]]
name = "nom"
version = "7.1.1"
source = "registry+https://github.com/rust-lang/crates.io-index"
checksum = "a8903e5a29a317527874d0402f867152a3d21c908bb0b933e416c65e301d4c36"
dependencies = [
 "memchr",
 "minimal-lexical",
]
